// !$*UTF8*$!
{
	archiveVersion = 1;
	classes = {
	};
	objectVersion = 56;
	objects = {

/* Begin PBXBuildFile section */
		BA06A7FB2ACC877900317B7E /* ScrollViewReader.swift in Sources */ = {isa = PBXBuildFile; fileRef = BA06A7FA2ACC877900317B7E /* ScrollViewReader.swift */; };
		BA06A8012ACC91AB00317B7E /* GeometryReaderSizeExample.swift in Sources */ = {isa = PBXBuildFile; fileRef = BA06A8002ACC91AB00317B7E /* GeometryReaderSizeExample.swift */; };
		BA13A3422B4DD10C0058B458 /* OtherExampleWrapper.swift in Sources */ = {isa = PBXBuildFile; fileRef = BA13A3412B4DD10C0058B458 /* OtherExampleWrapper.swift */; };
		BA1574242B0D5554000F0528 /* PropertyWrapperExample.swift in Sources */ = {isa = PBXBuildFile; fileRef = BA1574232B0D5554000F0528 /* PropertyWrapperExample.swift */; };
		BA1762F62ACDD2D000CA852B /* GeometryReader.swift in Sources */ = {isa = PBXBuildFile; fileRef = BA1762F52ACDD2D000CA852B /* GeometryReader.swift */; };
		BA2CD1E92ACB356000A4415C /* CollapsableHeaderInfo.swift in Sources */ = {isa = PBXBuildFile; fileRef = BA2CD1E82ACB356000A4415C /* CollapsableHeaderInfo.swift */; };
		BA2CD1EB2ACB364000A4415C /* CollapsableHeaderExampleView.swift in Sources */ = {isa = PBXBuildFile; fileRef = BA2CD1EA2ACB364000A4415C /* CollapsableHeaderExampleView.swift */; };
		BA2DC9F32ABA10CB006ECBFC /* DragGesture2.swift in Sources */ = {isa = PBXBuildFile; fileRef = BA2DC9F22ABA10CB006ECBFC /* DragGesture2.swift */; };
		BA3D804C2AB37CF800C48908 /* MagnificationGesture.swift in Sources */ = {isa = PBXBuildFile; fileRef = BA3D804B2AB37CF800C48908 /* MagnificationGesture.swift */; };
		BA465CC52ACF233900FCC6AC /* MultiplesSheets.swift in Sources */ = {isa = PBXBuildFile; fileRef = BA465CC42ACF233900FCC6AC /* MultiplesSheets.swift */; };
		BA465CC72ACF2C3F00FCC6AC /* GeometryReaderOffsetExample.swift in Sources */ = {isa = PBXBuildFile; fileRef = BA465CC62ACF2C3F00FCC6AC /* GeometryReaderOffsetExample.swift */; };
		BA465CC92ACF358300FCC6AC /* ScrollViewOffset.swift in Sources */ = {isa = PBXBuildFile; fileRef = BA465CC82ACF358300FCC6AC /* ScrollViewOffset.swift */; };
		BA4E29C32AB247A6008F92D2 /* SwiftUIWithCommentsApp.swift in Sources */ = {isa = PBXBuildFile; fileRef = BA4E29C22AB247A6008F92D2 /* SwiftUIWithCommentsApp.swift */; };
		BA4E29C52AB247A6008F92D2 /* ContentView.swift in Sources */ = {isa = PBXBuildFile; fileRef = BA4E29C42AB247A6008F92D2 /* ContentView.swift */; };
		BA4E29C72AB247A7008F92D2 /* Assets.xcassets in Resources */ = {isa = PBXBuildFile; fileRef = BA4E29C62AB247A7008F92D2 /* Assets.xcassets */; };
		BA4E29CA2AB247A7008F92D2 /* Preview Assets.xcassets in Resources */ = {isa = PBXBuildFile; fileRef = BA4E29C92AB247A7008F92D2 /* Preview Assets.xcassets */; };
		BA4E29D42AB247A7008F92D2 /* SwiftUIWithCommentsTests.swift in Sources */ = {isa = PBXBuildFile; fileRef = BA4E29D32AB247A7008F92D2 /* SwiftUIWithCommentsTests.swift */; };
		BA4E29DE2AB247A7008F92D2 /* SwiftUIWithCommentsUITests.swift in Sources */ = {isa = PBXBuildFile; fileRef = BA4E29DD2AB247A7008F92D2 /* SwiftUIWithCommentsUITests.swift */; };
		BA4E29E02AB247A7008F92D2 /* SwiftUIWithCommentsUITestsLaunchTests.swift in Sources */ = {isa = PBXBuildFile; fileRef = BA4E29DF2AB247A7008F92D2 /* SwiftUIWithCommentsUITestsLaunchTests.swift */; };
		BA4E29EE2AB2492D008F92D2 /* LongPressGesture.swift in Sources */ = {isa = PBXBuildFile; fileRef = BA4E29ED2AB2492D008F92D2 /* LongPressGesture.swift */; };
		BA70B8F92AB8B24800E3DCE3 /* RotationGesture.swift in Sources */ = {isa = PBXBuildFile; fileRef = BA70B8F82AB8B24800E3DCE3 /* RotationGesture.swift */; };
		BA726F332AC1F798009FA0C7 /* CollapsableHeaderView.swift in Sources */ = {isa = PBXBuildFile; fileRef = BA726F322AC1F798009FA0C7 /* CollapsableHeaderView.swift */; };
		BA93A54C2ACDDAD000BC7098 /* GeometryRead2Examp.swift in Sources */ = {isa = PBXBuildFile; fileRef = BA93A54B2ACDDAD000BC7098 /* GeometryRead2Examp.swift */; };
		BA93A54E2ACDE18600BC7098 /* GeometryRead3Examp.swift in Sources */ = {isa = PBXBuildFile; fileRef = BA93A54D2ACDE18600BC7098 /* GeometryRead3Examp.swift */; };
		BA957B852AF962DD00ACF625 /* ErrorAlertExample.swift in Sources */ = {isa = PBXBuildFile; fileRef = BA957B842AF962DD00ACF625 /* ErrorAlertExample.swift */; };
		BAB84D7B2B3B56F60049848C /* FileManagerCodableStreamableProperty.swift in Sources */ = {isa = PBXBuildFile; fileRef = BAB84D7A2B3B56F60049848C /* FileManagerCodableStreamableProperty.swift */; };
		BACAED0B2B30C64B006E9DAD /* GenericFileManagerPropertyKeyPatch.swift in Sources */ = {isa = PBXBuildFile; fileRef = BACAED0A2B30C64B006E9DAD /* GenericFileManagerPropertyKeyPatch.swift */; };
		BACE57F82B02890D000E8BD3 /* KeypathsExample.swift in Sources */ = {isa = PBXBuildFile; fileRef = BACE57F72B02890D000E8BD3 /* KeypathsExample.swift */; };
		BADD9CC02AC49ABC00D34361 /* CustomCorner.swift in Sources */ = {isa = PBXBuildFile; fileRef = BADD9CBF2AC49ABC00D34361 /* CustomCorner.swift */; };
		BADD9CC22AC49E3F00D34361 /* OffsetModifier.swift in Sources */ = {isa = PBXBuildFile; fileRef = BADD9CC12AC49E3F00D34361 /* OffsetModifier.swift */; };
		BADD9CC42AC4AAD100D34361 /* Chapter.swift in Sources */ = {isa = PBXBuildFile; fileRef = BADD9CC32AC4AAD100D34361 /* Chapter.swift */; };
		BAE489502AF01F93009303B7 /* CustomBinding.swift in Sources */ = {isa = PBXBuildFile; fileRef = BAE4894F2AF01F93009303B7 /* CustomBinding.swift */; };
		BAEB028F2B277B4C002C1B56 /* PropertyWrappers2Example.swift in Sources */ = {isa = PBXBuildFile; fileRef = BAEB028E2B277B4C002C1B56 /* PropertyWrappers2Example.swift */; };
		BAEB02912B277FF4002C1B56 /* GenericFilePropertyManager.swift in Sources */ = {isa = PBXBuildFile; fileRef = BAEB02902B277FF4002C1B56 /* GenericFilePropertyManager.swift */; };
		BAEB02932B27820A002C1B56 /* ExampleMVVMPropertyWrappers.swift in Sources */ = {isa = PBXBuildFile; fileRef = BAEB02922B27820A002C1B56 /* ExampleMVVMPropertyWrappers.swift */; };
		BAF858F92AB8B87300F3EE4F /* DragGesture.swift in Sources */ = {isa = PBXBuildFile; fileRef = BAF858F82AB8B87300F3EE4F /* DragGesture.swift */; };
/* End PBXBuildFile section */

/* Begin PBXContainerItemProxy section */
		BA4E29D02AB247A7008F92D2 /* PBXContainerItemProxy */ = {
			isa = PBXContainerItemProxy;
			containerPortal = BA4E29B72AB247A6008F92D2 /* Project object */;
			proxyType = 1;
			remoteGlobalIDString = BA4E29BE2AB247A6008F92D2;
			remoteInfo = SwiftUIWithComments;
		};
		BA4E29DA2AB247A7008F92D2 /* PBXContainerItemProxy */ = {
			isa = PBXContainerItemProxy;
			containerPortal = BA4E29B72AB247A6008F92D2 /* Project object */;
			proxyType = 1;
			remoteGlobalIDString = BA4E29BE2AB247A6008F92D2;
			remoteInfo = SwiftUIWithComments;
		};
/* End PBXContainerItemProxy section */

/* Begin PBXFileReference section */
		BA06A7FA2ACC877900317B7E /* ScrollViewReader.swift */ = {isa = PBXFileReference; lastKnownFileType = sourcecode.swift; path = ScrollViewReader.swift; sourceTree = "<group>"; };
		BA06A8002ACC91AB00317B7E /* GeometryReaderSizeExample.swift */ = {isa = PBXFileReference; lastKnownFileType = sourcecode.swift; path = GeometryReaderSizeExample.swift; sourceTree = "<group>"; };
		BA13A3412B4DD10C0058B458 /* OtherExampleWrapper.swift */ = {isa = PBXFileReference; lastKnownFileType = sourcecode.swift; path = OtherExampleWrapper.swift; sourceTree = "<group>"; };
		BA1574232B0D5554000F0528 /* PropertyWrapperExample.swift */ = {isa = PBXFileReference; lastKnownFileType = sourcecode.swift; path = PropertyWrapperExample.swift; sourceTree = "<group>"; };
		BA1762F52ACDD2D000CA852B /* GeometryReader.swift */ = {isa = PBXFileReference; lastKnownFileType = sourcecode.swift; path = GeometryReader.swift; sourceTree = "<group>"; };
		BA2CD1E82ACB356000A4415C /* CollapsableHeaderInfo.swift */ = {isa = PBXFileReference; lastKnownFileType = sourcecode.swift; path = CollapsableHeaderInfo.swift; sourceTree = "<group>"; };
		BA2CD1EA2ACB364000A4415C /* CollapsableHeaderExampleView.swift */ = {isa = PBXFileReference; lastKnownFileType = sourcecode.swift; path = CollapsableHeaderExampleView.swift; sourceTree = "<group>"; };
		BA2DC9F22ABA10CB006ECBFC /* DragGesture2.swift */ = {isa = PBXFileReference; lastKnownFileType = sourcecode.swift; path = DragGesture2.swift; sourceTree = "<group>"; };
		BA3D804B2AB37CF800C48908 /* MagnificationGesture.swift */ = {isa = PBXFileReference; lastKnownFileType = sourcecode.swift; path = MagnificationGesture.swift; sourceTree = "<group>"; };
		BA465CC42ACF233900FCC6AC /* MultiplesSheets.swift */ = {isa = PBXFileReference; lastKnownFileType = sourcecode.swift; path = MultiplesSheets.swift; sourceTree = "<group>"; };
		BA465CC62ACF2C3F00FCC6AC /* GeometryReaderOffsetExample.swift */ = {isa = PBXFileReference; lastKnownFileType = sourcecode.swift; path = GeometryReaderOffsetExample.swift; sourceTree = "<group>"; };
		BA465CC82ACF358300FCC6AC /* ScrollViewOffset.swift */ = {isa = PBXFileReference; lastKnownFileType = sourcecode.swift; path = ScrollViewOffset.swift; sourceTree = "<group>"; };
		BA4E29BF2AB247A6008F92D2 /* SwiftUIWithComments.app */ = {isa = PBXFileReference; explicitFileType = wrapper.application; includeInIndex = 0; path = SwiftUIWithComments.app; sourceTree = BUILT_PRODUCTS_DIR; };
		BA4E29C22AB247A6008F92D2 /* SwiftUIWithCommentsApp.swift */ = {isa = PBXFileReference; lastKnownFileType = sourcecode.swift; path = SwiftUIWithCommentsApp.swift; sourceTree = "<group>"; };
		BA4E29C42AB247A6008F92D2 /* ContentView.swift */ = {isa = PBXFileReference; lastKnownFileType = sourcecode.swift; path = ContentView.swift; sourceTree = "<group>"; };
		BA4E29C62AB247A7008F92D2 /* Assets.xcassets */ = {isa = PBXFileReference; lastKnownFileType = folder.assetcatalog; path = Assets.xcassets; sourceTree = "<group>"; };
		BA4E29C92AB247A7008F92D2 /* Preview Assets.xcassets */ = {isa = PBXFileReference; lastKnownFileType = folder.assetcatalog; path = "Preview Assets.xcassets"; sourceTree = "<group>"; };
		BA4E29CF2AB247A7008F92D2 /* SwiftUIWithCommentsTests.xctest */ = {isa = PBXFileReference; explicitFileType = wrapper.cfbundle; includeInIndex = 0; path = SwiftUIWithCommentsTests.xctest; sourceTree = BUILT_PRODUCTS_DIR; };
		BA4E29D32AB247A7008F92D2 /* SwiftUIWithCommentsTests.swift */ = {isa = PBXFileReference; lastKnownFileType = sourcecode.swift; path = SwiftUIWithCommentsTests.swift; sourceTree = "<group>"; };
		BA4E29D92AB247A7008F92D2 /* SwiftUIWithCommentsUITests.xctest */ = {isa = PBXFileReference; explicitFileType = wrapper.cfbundle; includeInIndex = 0; path = SwiftUIWithCommentsUITests.xctest; sourceTree = BUILT_PRODUCTS_DIR; };
		BA4E29DD2AB247A7008F92D2 /* SwiftUIWithCommentsUITests.swift */ = {isa = PBXFileReference; lastKnownFileType = sourcecode.swift; path = SwiftUIWithCommentsUITests.swift; sourceTree = "<group>"; };
		BA4E29DF2AB247A7008F92D2 /* SwiftUIWithCommentsUITestsLaunchTests.swift */ = {isa = PBXFileReference; lastKnownFileType = sourcecode.swift; path = SwiftUIWithCommentsUITestsLaunchTests.swift; sourceTree = "<group>"; };
		BA4E29ED2AB2492D008F92D2 /* LongPressGesture.swift */ = {isa = PBXFileReference; lastKnownFileType = sourcecode.swift; path = LongPressGesture.swift; sourceTree = "<group>"; };
		BA70B8F82AB8B24800E3DCE3 /* RotationGesture.swift */ = {isa = PBXFileReference; lastKnownFileType = sourcecode.swift; path = RotationGesture.swift; sourceTree = "<group>"; };
		BA726F322AC1F798009FA0C7 /* CollapsableHeaderView.swift */ = {isa = PBXFileReference; lastKnownFileType = sourcecode.swift; path = CollapsableHeaderView.swift; sourceTree = "<group>"; };
		BA93A54B2ACDDAD000BC7098 /* GeometryRead2Examp.swift */ = {isa = PBXFileReference; lastKnownFileType = sourcecode.swift; path = GeometryRead2Examp.swift; sourceTree = "<group>"; };
		BA93A54D2ACDE18600BC7098 /* GeometryRead3Examp.swift */ = {isa = PBXFileReference; lastKnownFileType = sourcecode.swift; path = GeometryRead3Examp.swift; sourceTree = "<group>"; };
		BA957B842AF962DD00ACF625 /* ErrorAlertExample.swift */ = {isa = PBXFileReference; lastKnownFileType = sourcecode.swift; path = ErrorAlertExample.swift; sourceTree = "<group>"; };
		BAB84D7A2B3B56F60049848C /* FileManagerCodableStreamableProperty.swift */ = {isa = PBXFileReference; lastKnownFileType = sourcecode.swift; path = FileManagerCodableStreamableProperty.swift; sourceTree = "<group>"; };
		BACAED0A2B30C64B006E9DAD /* GenericFileManagerPropertyKeyPatch.swift */ = {isa = PBXFileReference; lastKnownFileType = sourcecode.swift; path = GenericFileManagerPropertyKeyPatch.swift; sourceTree = "<group>"; };
		BACE57F72B02890D000E8BD3 /* KeypathsExample.swift */ = {isa = PBXFileReference; lastKnownFileType = sourcecode.swift; path = KeypathsExample.swift; sourceTree = "<group>"; };
		BADD9CBF2AC49ABC00D34361 /* CustomCorner.swift */ = {isa = PBXFileReference; lastKnownFileType = sourcecode.swift; path = CustomCorner.swift; sourceTree = "<group>"; };
		BADD9CC12AC49E3F00D34361 /* OffsetModifier.swift */ = {isa = PBXFileReference; lastKnownFileType = sourcecode.swift; path = OffsetModifier.swift; sourceTree = "<group>"; };
		BADD9CC32AC4AAD100D34361 /* Chapter.swift */ = {isa = PBXFileReference; lastKnownFileType = sourcecode.swift; path = Chapter.swift; sourceTree = "<group>"; };
		BAE4894F2AF01F93009303B7 /* CustomBinding.swift */ = {isa = PBXFileReference; lastKnownFileType = sourcecode.swift; path = CustomBinding.swift; sourceTree = "<group>"; };
		BAEB028E2B277B4C002C1B56 /* PropertyWrappers2Example.swift */ = {isa = PBXFileReference; lastKnownFileType = sourcecode.swift; path = PropertyWrappers2Example.swift; sourceTree = "<group>"; };
		BAEB02902B277FF4002C1B56 /* GenericFilePropertyManager.swift */ = {isa = PBXFileReference; lastKnownFileType = sourcecode.swift; path = GenericFilePropertyManager.swift; sourceTree = "<group>"; };
		BAEB02922B27820A002C1B56 /* ExampleMVVMPropertyWrappers.swift */ = {isa = PBXFileReference; lastKnownFileType = sourcecode.swift; path = ExampleMVVMPropertyWrappers.swift; sourceTree = "<group>"; };
		BAF858F82AB8B87300F3EE4F /* DragGesture.swift */ = {isa = PBXFileReference; lastKnownFileType = sourcecode.swift; path = DragGesture.swift; sourceTree = "<group>"; };
/* End PBXFileReference section */

/* Begin PBXFrameworksBuildPhase section */
		BA4E29BC2AB247A6008F92D2 /* Frameworks */ = {
			isa = PBXFrameworksBuildPhase;
			buildActionMask = 2147483647;
			files = (
			);
			runOnlyForDeploymentPostprocessing = 0;
		};
		BA4E29CC2AB247A7008F92D2 /* Frameworks */ = {
			isa = PBXFrameworksBuildPhase;
			buildActionMask = 2147483647;
			files = (
			);
			runOnlyForDeploymentPostprocessing = 0;
		};
		BA4E29D62AB247A7008F92D2 /* Frameworks */ = {
			isa = PBXFrameworksBuildPhase;
			buildActionMask = 2147483647;
			files = (
			);
			runOnlyForDeploymentPostprocessing = 0;
		};
/* End PBXFrameworksBuildPhase section */

/* Begin PBXGroup section */
		BA06A7FF2ACC918400317B7E /* GeometryReaderUses */ = {
			isa = PBXGroup;
			children = (
				BA06A8002ACC91AB00317B7E /* GeometryReaderSizeExample.swift */,
				BA465CC62ACF2C3F00FCC6AC /* GeometryReaderOffsetExample.swift */,
				BA465CC82ACF358300FCC6AC /* ScrollViewOffset.swift */,
			);
			path = GeometryReaderUses;
			sourceTree = "<group>";
		};
		BA1574222B0D5354000F0528 /* PropertyWrappers */ = {
			isa = PBXGroup;
			children = (
				BA1574232B0D5554000F0528 /* PropertyWrapperExample.swift */,
				BAEB028E2B277B4C002C1B56 /* PropertyWrappers2Example.swift */,
				BAEB02902B277FF4002C1B56 /* GenericFilePropertyManager.swift */,
				BACAED0A2B30C64B006E9DAD /* GenericFileManagerPropertyKeyPatch.swift */,
				BAB84D7A2B3B56F60049848C /* FileManagerCodableStreamableProperty.swift */,
				BA13A3412B4DD10C0058B458 /* OtherExampleWrapper.swift */,
				BAEB02922B27820A002C1B56 /* ExampleMVVMPropertyWrappers.swift */,
			);
			path = PropertyWrappers;
			sourceTree = "<group>";
		};
		BA2DC9F12ABA10B1006ECBFC /* DragGesture */ = {
			isa = PBXGroup;
			children = (
				BAF858F82AB8B87300F3EE4F /* DragGesture.swift */,
				BA2DC9F22ABA10CB006ECBFC /* DragGesture2.swift */,
			);
			path = DragGesture;
			sourceTree = "<group>";
		};
		BA4E29B62AB247A6008F92D2 = {
			isa = PBXGroup;
			children = (
				BA4E29C12AB247A6008F92D2 /* SwiftUIWithComments */,
				BA4E29D22AB247A7008F92D2 /* SwiftUIWithCommentsTests */,
				BA4E29DC2AB247A7008F92D2 /* SwiftUIWithCommentsUITests */,
				BA4E29C02AB247A6008F92D2 /* Products */,
			);
			sourceTree = "<group>";
		};
		BA4E29C02AB247A6008F92D2 /* Products */ = {
			isa = PBXGroup;
			children = (
				BA4E29BF2AB247A6008F92D2 /* SwiftUIWithComments.app */,
				BA4E29CF2AB247A7008F92D2 /* SwiftUIWithCommentsTests.xctest */,
				BA4E29D92AB247A7008F92D2 /* SwiftUIWithCommentsUITests.xctest */,
			);
			name = Products;
			sourceTree = "<group>";
		};
		BA4E29C12AB247A6008F92D2 /* SwiftUIWithComments */ = {
			isa = PBXGroup;
			children = (
				BA726F302AC1F6BD009FA0C7 /* AdvancedLevel */,
				BA4E29EC2AB247CC008F92D2 /* IntermediateLevel */,
				BA4E29C22AB247A6008F92D2 /* SwiftUIWithCommentsApp.swift */,
				BA4E29C42AB247A6008F92D2 /* ContentView.swift */,
				BA4E29C62AB247A7008F92D2 /* Assets.xcassets */,
				BA4E29C82AB247A7008F92D2 /* Preview Content */,
			);
			path = SwiftUIWithComments;
			sourceTree = "<group>";
		};
		BA4E29C82AB247A7008F92D2 /* Preview Content */ = {
			isa = PBXGroup;
			children = (
				BA4E29C92AB247A7008F92D2 /* Preview Assets.xcassets */,
			);
			path = "Preview Content";
			sourceTree = "<group>";
		};
		BA4E29D22AB247A7008F92D2 /* SwiftUIWithCommentsTests */ = {
			isa = PBXGroup;
			children = (
				BA4E29D32AB247A7008F92D2 /* SwiftUIWithCommentsTests.swift */,
			);
			path = SwiftUIWithCommentsTests;
			sourceTree = "<group>";
		};
		BA4E29DC2AB247A7008F92D2 /* SwiftUIWithCommentsUITests */ = {
			isa = PBXGroup;
			children = (
				BA4E29DD2AB247A7008F92D2 /* SwiftUIWithCommentsUITests.swift */,
				BA4E29DF2AB247A7008F92D2 /* SwiftUIWithCommentsUITestsLaunchTests.swift */,
			);
			path = SwiftUIWithCommentsUITests;
			sourceTree = "<group>";
		};
		BA4E29EC2AB247CC008F92D2 /* IntermediateLevel */ = {
			isa = PBXGroup;
			children = (
				BA2DC9F12ABA10B1006ECBFC /* DragGesture */,
				BA93A54A2ACDDAA700BC7098 /* GeometryReader */,
				BA4E29ED2AB2492D008F92D2 /* LongPressGesture.swift */,
				BA3D804B2AB37CF800C48908 /* MagnificationGesture.swift */,
				BA70B8F82AB8B24800E3DCE3 /* RotationGesture.swift */,
				BA06A7FA2ACC877900317B7E /* ScrollViewReader.swift */,
				BA465CC42ACF233900FCC6AC /* MultiplesSheets.swift */,
			);
			path = IntermediateLevel;
			sourceTree = "<group>";
		};
		BA726F302AC1F6BD009FA0C7 /* AdvancedLevel */ = {
			isa = PBXGroup;
			children = (
				BA1574222B0D5354000F0528 /* PropertyWrappers */,
				BACE57F62B0288E3000E8BD3 /* Keypaths */,
				BAE4894E2AF01E13009303B7 /* CustomBindings */,
				BA06A7FF2ACC918400317B7E /* GeometryReaderUses */,
				BA726F312AC1F6D9009FA0C7 /* CollapsableHeader */,
			);
			path = AdvancedLevel;
			sourceTree = "<group>";
		};
		BA726F312AC1F6D9009FA0C7 /* CollapsableHeader */ = {
			isa = PBXGroup;
			children = (
				BA2CD1E82ACB356000A4415C /* CollapsableHeaderInfo.swift */,
				BA726F322AC1F798009FA0C7 /* CollapsableHeaderView.swift */,
				BADD9CBF2AC49ABC00D34361 /* CustomCorner.swift */,
				BADD9CC12AC49E3F00D34361 /* OffsetModifier.swift */,
				BADD9CC32AC4AAD100D34361 /* Chapter.swift */,
				BA2CD1EA2ACB364000A4415C /* CollapsableHeaderExampleView.swift */,
			);
			path = CollapsableHeader;
			sourceTree = "<group>";
		};
		BA93A54A2ACDDAA700BC7098 /* GeometryReader */ = {
			isa = PBXGroup;
			children = (
				BA1762F52ACDD2D000CA852B /* GeometryReader.swift */,
				BA93A54B2ACDDAD000BC7098 /* GeometryRead2Examp.swift */,
				BA93A54D2ACDE18600BC7098 /* GeometryRead3Examp.swift */,
			);
			path = GeometryReader;
			sourceTree = "<group>";
		};
		BACE57F62B0288E3000E8BD3 /* Keypaths */ = {
			isa = PBXGroup;
			children = (
				BACE57F72B02890D000E8BD3 /* KeypathsExample.swift */,
			);
			path = Keypaths;
			sourceTree = "<group>";
		};
		BAE4894E2AF01E13009303B7 /* CustomBindings */ = {
			isa = PBXGroup;
			children = (
				BAE4894F2AF01F93009303B7 /* CustomBinding.swift */,
				BA957B842AF962DD00ACF625 /* ErrorAlertExample.swift */,
			);
			path = CustomBindings;
			sourceTree = "<group>";
		};
/* End PBXGroup section */

/* Begin PBXNativeTarget section */
		BA4E29BE2AB247A6008F92D2 /* SwiftUIWithComments */ = {
			isa = PBXNativeTarget;
			buildConfigurationList = BA4E29E32AB247A7008F92D2 /* Build configuration list for PBXNativeTarget "SwiftUIWithComments" */;
			buildPhases = (
				BA4E29BB2AB247A6008F92D2 /* Sources */,
				BA4E29BC2AB247A6008F92D2 /* Frameworks */,
				BA4E29BD2AB247A6008F92D2 /* Resources */,
			);
			buildRules = (
			);
			dependencies = (
			);
			name = SwiftUIWithComments;
			productName = SwiftUIWithComments;
			productReference = BA4E29BF2AB247A6008F92D2 /* SwiftUIWithComments.app */;
			productType = "com.apple.product-type.application";
		};
		BA4E29CE2AB247A7008F92D2 /* SwiftUIWithCommentsTests */ = {
			isa = PBXNativeTarget;
			buildConfigurationList = BA4E29E62AB247A7008F92D2 /* Build configuration list for PBXNativeTarget "SwiftUIWithCommentsTests" */;
			buildPhases = (
				BA4E29CB2AB247A7008F92D2 /* Sources */,
				BA4E29CC2AB247A7008F92D2 /* Frameworks */,
				BA4E29CD2AB247A7008F92D2 /* Resources */,
			);
			buildRules = (
			);
			dependencies = (
				BA4E29D12AB247A7008F92D2 /* PBXTargetDependency */,
			);
			name = SwiftUIWithCommentsTests;
			productName = SwiftUIWithCommentsTests;
			productReference = BA4E29CF2AB247A7008F92D2 /* SwiftUIWithCommentsTests.xctest */;
			productType = "com.apple.product-type.bundle.unit-test";
		};
		BA4E29D82AB247A7008F92D2 /* SwiftUIWithCommentsUITests */ = {
			isa = PBXNativeTarget;
			buildConfigurationList = BA4E29E92AB247A7008F92D2 /* Build configuration list for PBXNativeTarget "SwiftUIWithCommentsUITests" */;
			buildPhases = (
				BA4E29D52AB247A7008F92D2 /* Sources */,
				BA4E29D62AB247A7008F92D2 /* Frameworks */,
				BA4E29D72AB247A7008F92D2 /* Resources */,
			);
			buildRules = (
			);
			dependencies = (
				BA4E29DB2AB247A7008F92D2 /* PBXTargetDependency */,
			);
			name = SwiftUIWithCommentsUITests;
			productName = SwiftUIWithCommentsUITests;
			productReference = BA4E29D92AB247A7008F92D2 /* SwiftUIWithCommentsUITests.xctest */;
			productType = "com.apple.product-type.bundle.ui-testing";
		};
/* End PBXNativeTarget section */

/* Begin PBXProject section */
		BA4E29B72AB247A6008F92D2 /* Project object */ = {
			isa = PBXProject;
			attributes = {
				BuildIndependentTargetsInParallel = 1;
				LastSwiftUpdateCheck = 1430;
				LastUpgradeCheck = 1430;
				TargetAttributes = {
					BA4E29BE2AB247A6008F92D2 = {
						CreatedOnToolsVersion = 14.3.1;
					};
					BA4E29CE2AB247A7008F92D2 = {
						CreatedOnToolsVersion = 14.3.1;
						TestTargetID = BA4E29BE2AB247A6008F92D2;
					};
					BA4E29D82AB247A7008F92D2 = {
						CreatedOnToolsVersion = 14.3.1;
						TestTargetID = BA4E29BE2AB247A6008F92D2;
					};
				};
			};
			buildConfigurationList = BA4E29BA2AB247A6008F92D2 /* Build configuration list for PBXProject "SwiftUIWithComments" */;
			compatibilityVersion = "Xcode 14.0";
			developmentRegion = en;
			hasScannedForEncodings = 0;
			knownRegions = (
				en,
				Base,
			);
			mainGroup = BA4E29B62AB247A6008F92D2;
			productRefGroup = BA4E29C02AB247A6008F92D2 /* Products */;
			projectDirPath = "";
			projectRoot = "";
			targets = (
				BA4E29BE2AB247A6008F92D2 /* SwiftUIWithComments */,
				BA4E29CE2AB247A7008F92D2 /* SwiftUIWithCommentsTests */,
				BA4E29D82AB247A7008F92D2 /* SwiftUIWithCommentsUITests */,
			);
		};
/* End PBXProject section */

/* Begin PBXResourcesBuildPhase section */
		BA4E29BD2AB247A6008F92D2 /* Resources */ = {
			isa = PBXResourcesBuildPhase;
			buildActionMask = 2147483647;
			files = (
				BA4E29CA2AB247A7008F92D2 /* Preview Assets.xcassets in Resources */,
				BA4E29C72AB247A7008F92D2 /* Assets.xcassets in Resources */,
			);
			runOnlyForDeploymentPostprocessing = 0;
		};
		BA4E29CD2AB247A7008F92D2 /* Resources */ = {
			isa = PBXResourcesBuildPhase;
			buildActionMask = 2147483647;
			files = (
			);
			runOnlyForDeploymentPostprocessing = 0;
		};
		BA4E29D72AB247A7008F92D2 /* Resources */ = {
			isa = PBXResourcesBuildPhase;
			buildActionMask = 2147483647;
			files = (
			);
			runOnlyForDeploymentPostprocessing = 0;
		};
/* End PBXResourcesBuildPhase section */

/* Begin PBXSourcesBuildPhase section */
		BA4E29BB2AB247A6008F92D2 /* Sources */ = {
			isa = PBXSourcesBuildPhase;
			buildActionMask = 2147483647;
			files = (
				BA4E29C52AB247A6008F92D2 /* ContentView.swift in Sources */,
				BA3D804C2AB37CF800C48908 /* MagnificationGesture.swift in Sources */,
				BA93A54C2ACDDAD000BC7098 /* GeometryRead2Examp.swift in Sources */,
				BA2DC9F32ABA10CB006ECBFC /* DragGesture2.swift in Sources */,
				BADD9CC02AC49ABC00D34361 /* CustomCorner.swift in Sources */,
				BA93A54E2ACDE18600BC7098 /* GeometryRead3Examp.swift in Sources */,
				BA465CC72ACF2C3F00FCC6AC /* GeometryReaderOffsetExample.swift in Sources */,
				BACAED0B2B30C64B006E9DAD /* GenericFileManagerPropertyKeyPatch.swift in Sources */,
				BA06A7FB2ACC877900317B7E /* ScrollViewReader.swift in Sources */,
				BA70B8F92AB8B24800E3DCE3 /* RotationGesture.swift in Sources */,
				BA2CD1EB2ACB364000A4415C /* CollapsableHeaderExampleView.swift in Sources */,
				BA2CD1E92ACB356000A4415C /* CollapsableHeaderInfo.swift in Sources */,
				BA06A8012ACC91AB00317B7E /* GeometryReaderSizeExample.swift in Sources */,
				BA726F332AC1F798009FA0C7 /* CollapsableHeaderView.swift in Sources */,
				BA465CC92ACF358300FCC6AC /* ScrollViewOffset.swift in Sources */,
				BAB84D7B2B3B56F60049848C /* FileManagerCodableStreamableProperty.swift in Sources */,
				BAE489502AF01F93009303B7 /* CustomBinding.swift in Sources */,
				BA4E29C32AB247A6008F92D2 /* SwiftUIWithCommentsApp.swift in Sources */,
				BAEB02912B277FF4002C1B56 /* GenericFilePropertyManager.swift in Sources */,
				BAEB02932B27820A002C1B56 /* ExampleMVVMPropertyWrappers.swift in Sources */,
				BA957B852AF962DD00ACF625 /* ErrorAlertExample.swift in Sources */,
				BADD9CC22AC49E3F00D34361 /* OffsetModifier.swift in Sources */,
				BA4E29EE2AB2492D008F92D2 /* LongPressGesture.swift in Sources */,
				BAF858F92AB8B87300F3EE4F /* DragGesture.swift in Sources */,
				BAEB028F2B277B4C002C1B56 /* PropertyWrappers2Example.swift in Sources */,
				BA465CC52ACF233900FCC6AC /* MultiplesSheets.swift in Sources */,
				BA1574242B0D5554000F0528 /* PropertyWrapperExample.swift in Sources */,
				BACE57F82B02890D000E8BD3 /* KeypathsExample.swift in Sources */,
				BA13A3422B4DD10C0058B458 /* OtherExampleWrapper.swift in Sources */,
				BA1762F62ACDD2D000CA852B /* GeometryReader.swift in Sources */,
				BADD9CC42AC4AAD100D34361 /* Chapter.swift in Sources */,
			);
			runOnlyForDeploymentPostprocessing = 0;
		};
		BA4E29CB2AB247A7008F92D2 /* Sources */ = {
			isa = PBXSourcesBuildPhase;
			buildActionMask = 2147483647;
			files = (
				BA4E29D42AB247A7008F92D2 /* SwiftUIWithCommentsTests.swift in Sources */,
			);
			runOnlyForDeploymentPostprocessing = 0;
		};
		BA4E29D52AB247A7008F92D2 /* Sources */ = {
			isa = PBXSourcesBuildPhase;
			buildActionMask = 2147483647;
			files = (
				BA4E29E02AB247A7008F92D2 /* SwiftUIWithCommentsUITestsLaunchTests.swift in Sources */,
				BA4E29DE2AB247A7008F92D2 /* SwiftUIWithCommentsUITests.swift in Sources */,
			);
			runOnlyForDeploymentPostprocessing = 0;
		};
/* End PBXSourcesBuildPhase section */

/* Begin PBXTargetDependency section */
		BA4E29D12AB247A7008F92D2 /* PBXTargetDependency */ = {
			isa = PBXTargetDependency;
			target = BA4E29BE2AB247A6008F92D2 /* SwiftUIWithComments */;
			targetProxy = BA4E29D02AB247A7008F92D2 /* PBXContainerItemProxy */;
		};
		BA4E29DB2AB247A7008F92D2 /* PBXTargetDependency */ = {
			isa = PBXTargetDependency;
			target = BA4E29BE2AB247A6008F92D2 /* SwiftUIWithComments */;
			targetProxy = BA4E29DA2AB247A7008F92D2 /* PBXContainerItemProxy */;
		};
/* End PBXTargetDependency section */

/* Begin XCBuildConfiguration section */
		BA4E29E12AB247A7008F92D2 /* Debug */ = {
			isa = XCBuildConfiguration;
			buildSettings = {
				ALWAYS_SEARCH_USER_PATHS = NO;
				CLANG_ANALYZER_NONNULL = YES;
				CLANG_ANALYZER_NUMBER_OBJECT_CONVERSION = YES_AGGRESSIVE;
				CLANG_CXX_LANGUAGE_STANDARD = "gnu++20";
				CLANG_ENABLE_MODULES = YES;
				CLANG_ENABLE_OBJC_ARC = YES;
				CLANG_ENABLE_OBJC_WEAK = YES;
				CLANG_WARN_BLOCK_CAPTURE_AUTORELEASING = YES;
				CLANG_WARN_BOOL_CONVERSION = YES;
				CLANG_WARN_COMMA = YES;
				CLANG_WARN_CONSTANT_CONVERSION = YES;
				CLANG_WARN_DEPRECATED_OBJC_IMPLEMENTATIONS = YES;
				CLANG_WARN_DIRECT_OBJC_ISA_USAGE = YES_ERROR;
				CLANG_WARN_DOCUMENTATION_COMMENTS = YES;
				CLANG_WARN_EMPTY_BODY = YES;
				CLANG_WARN_ENUM_CONVERSION = YES;
				CLANG_WARN_INFINITE_RECURSION = YES;
				CLANG_WARN_INT_CONVERSION = YES;
				CLANG_WARN_NON_LITERAL_NULL_CONVERSION = YES;
				CLANG_WARN_OBJC_IMPLICIT_RETAIN_SELF = YES;
				CLANG_WARN_OBJC_LITERAL_CONVERSION = YES;
				CLANG_WARN_OBJC_ROOT_CLASS = YES_ERROR;
				CLANG_WARN_QUOTED_INCLUDE_IN_FRAMEWORK_HEADER = YES;
				CLANG_WARN_RANGE_LOOP_ANALYSIS = YES;
				CLANG_WARN_STRICT_PROTOTYPES = YES;
				CLANG_WARN_SUSPICIOUS_MOVE = YES;
				CLANG_WARN_UNGUARDED_AVAILABILITY = YES_AGGRESSIVE;
				CLANG_WARN_UNREACHABLE_CODE = YES;
				CLANG_WARN__DUPLICATE_METHOD_MATCH = YES;
				COPY_PHASE_STRIP = NO;
				DEBUG_INFORMATION_FORMAT = dwarf;
				ENABLE_STRICT_OBJC_MSGSEND = YES;
				ENABLE_TESTABILITY = YES;
				GCC_C_LANGUAGE_STANDARD = gnu11;
				GCC_DYNAMIC_NO_PIC = NO;
				GCC_NO_COMMON_BLOCKS = YES;
				GCC_OPTIMIZATION_LEVEL = 0;
				GCC_PREPROCESSOR_DEFINITIONS = (
					"DEBUG=1",
					"$(inherited)",
				);
				GCC_WARN_64_TO_32_BIT_CONVERSION = YES;
				GCC_WARN_ABOUT_RETURN_TYPE = YES_ERROR;
				GCC_WARN_UNDECLARED_SELECTOR = YES;
				GCC_WARN_UNINITIALIZED_AUTOS = YES_AGGRESSIVE;
				GCC_WARN_UNUSED_FUNCTION = YES;
				GCC_WARN_UNUSED_VARIABLE = YES;
				IPHONEOS_DEPLOYMENT_TARGET = 16.4;
				MTL_ENABLE_DEBUG_INFO = INCLUDE_SOURCE;
				MTL_FAST_MATH = YES;
				ONLY_ACTIVE_ARCH = YES;
				SDKROOT = iphoneos;
				SWIFT_ACTIVE_COMPILATION_CONDITIONS = DEBUG;
				SWIFT_OPTIMIZATION_LEVEL = "-Onone";
			};
			name = Debug;
		};
		BA4E29E22AB247A7008F92D2 /* Release */ = {
			isa = XCBuildConfiguration;
			buildSettings = {
				ALWAYS_SEARCH_USER_PATHS = NO;
				CLANG_ANALYZER_NONNULL = YES;
				CLANG_ANALYZER_NUMBER_OBJECT_CONVERSION = YES_AGGRESSIVE;
				CLANG_CXX_LANGUAGE_STANDARD = "gnu++20";
				CLANG_ENABLE_MODULES = YES;
				CLANG_ENABLE_OBJC_ARC = YES;
				CLANG_ENABLE_OBJC_WEAK = YES;
				CLANG_WARN_BLOCK_CAPTURE_AUTORELEASING = YES;
				CLANG_WARN_BOOL_CONVERSION = YES;
				CLANG_WARN_COMMA = YES;
				CLANG_WARN_CONSTANT_CONVERSION = YES;
				CLANG_WARN_DEPRECATED_OBJC_IMPLEMENTATIONS = YES;
				CLANG_WARN_DIRECT_OBJC_ISA_USAGE = YES_ERROR;
				CLANG_WARN_DOCUMENTATION_COMMENTS = YES;
				CLANG_WARN_EMPTY_BODY = YES;
				CLANG_WARN_ENUM_CONVERSION = YES;
				CLANG_WARN_INFINITE_RECURSION = YES;
				CLANG_WARN_INT_CONVERSION = YES;
				CLANG_WARN_NON_LITERAL_NULL_CONVERSION = YES;
				CLANG_WARN_OBJC_IMPLICIT_RETAIN_SELF = YES;
				CLANG_WARN_OBJC_LITERAL_CONVERSION = YES;
				CLANG_WARN_OBJC_ROOT_CLASS = YES_ERROR;
				CLANG_WARN_QUOTED_INCLUDE_IN_FRAMEWORK_HEADER = YES;
				CLANG_WARN_RANGE_LOOP_ANALYSIS = YES;
				CLANG_WARN_STRICT_PROTOTYPES = YES;
				CLANG_WARN_SUSPICIOUS_MOVE = YES;
				CLANG_WARN_UNGUARDED_AVAILABILITY = YES_AGGRESSIVE;
				CLANG_WARN_UNREACHABLE_CODE = YES;
				CLANG_WARN__DUPLICATE_METHOD_MATCH = YES;
				COPY_PHASE_STRIP = NO;
				DEBUG_INFORMATION_FORMAT = "dwarf-with-dsym";
				ENABLE_NS_ASSERTIONS = NO;
				ENABLE_STRICT_OBJC_MSGSEND = YES;
				GCC_C_LANGUAGE_STANDARD = gnu11;
				GCC_NO_COMMON_BLOCKS = YES;
				GCC_WARN_64_TO_32_BIT_CONVERSION = YES;
				GCC_WARN_ABOUT_RETURN_TYPE = YES_ERROR;
				GCC_WARN_UNDECLARED_SELECTOR = YES;
				GCC_WARN_UNINITIALIZED_AUTOS = YES_AGGRESSIVE;
				GCC_WARN_UNUSED_FUNCTION = YES;
				GCC_WARN_UNUSED_VARIABLE = YES;
				IPHONEOS_DEPLOYMENT_TARGET = 16.4;
				MTL_ENABLE_DEBUG_INFO = NO;
				MTL_FAST_MATH = YES;
				SDKROOT = iphoneos;
				SWIFT_COMPILATION_MODE = wholemodule;
				SWIFT_OPTIMIZATION_LEVEL = "-O";
				VALIDATE_PRODUCT = YES;
			};
			name = Release;
		};
		BA4E29E42AB247A7008F92D2 /* Debug */ = {
			isa = XCBuildConfiguration;
			buildSettings = {
				ASSETCATALOG_COMPILER_APPICON_NAME = AppIcon;
				ASSETCATALOG_COMPILER_GLOBAL_ACCENT_COLOR_NAME = AccentColor;
				CODE_SIGN_STYLE = Automatic;
				CURRENT_PROJECT_VERSION = 1;
				DEVELOPMENT_ASSET_PATHS = "\"SwiftUIWithComments/Preview Content\"";
				DEVELOPMENT_TEAM = 348MZJ2SHN;
				ENABLE_PREVIEWS = YES;
				GENERATE_INFOPLIST_FILE = YES;
				INFOPLIST_KEY_UIApplicationSceneManifest_Generation = YES;
				INFOPLIST_KEY_UIApplicationSupportsIndirectInputEvents = YES;
				INFOPLIST_KEY_UILaunchScreen_Generation = YES;
				INFOPLIST_KEY_UISupportedInterfaceOrientations_iPad = "UIInterfaceOrientationPortrait UIInterfaceOrientationPortraitUpsideDown UIInterfaceOrientationLandscapeLeft UIInterfaceOrientationLandscapeRight";
				INFOPLIST_KEY_UISupportedInterfaceOrientations_iPhone = "UIInterfaceOrientationPortrait UIInterfaceOrientationLandscapeLeft UIInterfaceOrientationLandscapeRight";
				IPHONEOS_DEPLOYMENT_TARGET = 15.0;
				LD_RUNPATH_SEARCH_PATHS = (
					"$(inherited)",
					"@executable_path/Frameworks",
				);
				MARKETING_VERSION = 1.0;
				PRODUCT_BUNDLE_IDENTIFIER = es.osdev.SwiftUIWithComments;
				PRODUCT_NAME = "$(TARGET_NAME)";
				SWIFT_EMIT_LOC_STRINGS = YES;
				SWIFT_VERSION = 5.0;
				TARGETED_DEVICE_FAMILY = "1,2";
			};
			name = Debug;
		};
		BA4E29E52AB247A7008F92D2 /* Release */ = {
			isa = XCBuildConfiguration;
			buildSettings = {
				ASSETCATALOG_COMPILER_APPICON_NAME = AppIcon;
				ASSETCATALOG_COMPILER_GLOBAL_ACCENT_COLOR_NAME = AccentColor;
				CODE_SIGN_STYLE = Automatic;
				CURRENT_PROJECT_VERSION = 1;
				DEVELOPMENT_ASSET_PATHS = "\"SwiftUIWithComments/Preview Content\"";
				DEVELOPMENT_TEAM = 348MZJ2SHN;
				ENABLE_PREVIEWS = YES;
				GENERATE_INFOPLIST_FILE = YES;
				INFOPLIST_KEY_UIApplicationSceneManifest_Generation = YES;
				INFOPLIST_KEY_UIApplicationSupportsIndirectInputEvents = YES;
				INFOPLIST_KEY_UILaunchScreen_Generation = YES;
				INFOPLIST_KEY_UISupportedInterfaceOrientations_iPad = "UIInterfaceOrientationPortrait UIInterfaceOrientationPortraitUpsideDown UIInterfaceOrientationLandscapeLeft UIInterfaceOrientationLandscapeRight";
				INFOPLIST_KEY_UISupportedInterfaceOrientations_iPhone = "UIInterfaceOrientationPortrait UIInterfaceOrientationLandscapeLeft UIInterfaceOrientationLandscapeRight";
				IPHONEOS_DEPLOYMENT_TARGET = 15.0;
				LD_RUNPATH_SEARCH_PATHS = (
					"$(inherited)",
					"@executable_path/Frameworks",
				);
				MARKETING_VERSION = 1.0;
				PRODUCT_BUNDLE_IDENTIFIER = es.osdev.SwiftUIWithComments;
				PRODUCT_NAME = "$(TARGET_NAME)";
				SWIFT_EMIT_LOC_STRINGS = YES;
				SWIFT_VERSION = 5.0;
				TARGETED_DEVICE_FAMILY = "1,2";
			};
			name = Release;
		};
		BA4E29E72AB247A7008F92D2 /* Debug */ = {
			isa = XCBuildConfiguration;
			buildSettings = {
				ALWAYS_EMBED_SWIFT_STANDARD_LIBRARIES = YES;
				BUNDLE_LOADER = "$(TEST_HOST)";
				CODE_SIGN_STYLE = Automatic;
				CURRENT_PROJECT_VERSION = 1;
				DEVELOPMENT_TEAM = 348MZJ2SHN;
				GENERATE_INFOPLIST_FILE = YES;
				IPHONEOS_DEPLOYMENT_TARGET = 16.4;
				MARKETING_VERSION = 1.0;
				PRODUCT_BUNDLE_IDENTIFIER = es.osdev.SwiftUIWithCommentsTests;
				PRODUCT_NAME = "$(TARGET_NAME)";
				SWIFT_EMIT_LOC_STRINGS = NO;
				SWIFT_VERSION = 5.0;
				TARGETED_DEVICE_FAMILY = "1,2";
				TEST_HOST = "$(BUILT_PRODUCTS_DIR)/SwiftUIWithComments.app/$(BUNDLE_EXECUTABLE_FOLDER_PATH)/SwiftUIWithComments";
			};
			name = Debug;
		};
		BA4E29E82AB247A7008F92D2 /* Release */ = {
			isa = XCBuildConfiguration;
			buildSettings = {
				ALWAYS_EMBED_SWIFT_STANDARD_LIBRARIES = YES;
				BUNDLE_LOADER = "$(TEST_HOST)";
				CODE_SIGN_STYLE = Automatic;
				CURRENT_PROJECT_VERSION = 1;
				DEVELOPMENT_TEAM = 348MZJ2SHN;
				GENERATE_INFOPLIST_FILE = YES;
				IPHONEOS_DEPLOYMENT_TARGET = 16.4;
				MARKETING_VERSION = 1.0;
				PRODUCT_BUNDLE_IDENTIFIER = es.osdev.SwiftUIWithCommentsTests;
				PRODUCT_NAME = "$(TARGET_NAME)";
				SWIFT_EMIT_LOC_STRINGS = NO;
				SWIFT_VERSION = 5.0;
				TARGETED_DEVICE_FAMILY = "1,2";
				TEST_HOST = "$(BUILT_PRODUCTS_DIR)/SwiftUIWithComments.app/$(BUNDLE_EXECUTABLE_FOLDER_PATH)/SwiftUIWithComments";
			};
			name = Release;
		};
		BA4E29EA2AB247A7008F92D2 /* Debug */ = {
			isa = XCBuildConfiguration;
			buildSettings = {
				ALWAYS_EMBED_SWIFT_STANDARD_LIBRARIES = YES;
				CODE_SIGN_STYLE = Automatic;
				CURRENT_PROJECT_VERSION = 1;
				DEVELOPMENT_TEAM = 348MZJ2SHN;
				GENERATE_INFOPLIST_FILE = YES;
				MARKETING_VERSION = 1.0;
				PRODUCT_BUNDLE_IDENTIFIER = es.osdev.SwiftUIWithCommentsUITests;
				PRODUCT_NAME = "$(TARGET_NAME)";
				SWIFT_EMIT_LOC_STRINGS = NO;
				SWIFT_VERSION = 5.0;
				TARGETED_DEVICE_FAMILY = "1,2";
				TEST_TARGET_NAME = SwiftUIWithComments;
			};
			name = Debug;
		};
		BA4E29EB2AB247A7008F92D2 /* Release */ = {
			isa = XCBuildConfiguration;
			buildSettings = {
				ALWAYS_EMBED_SWIFT_STANDARD_LIBRARIES = YES;
				CODE_SIGN_STYLE = Automatic;
				CURRENT_PROJECT_VERSION = 1;
				DEVELOPMENT_TEAM = 348MZJ2SHN;
				GENERATE_INFOPLIST_FILE = YES;
				MARKETING_VERSION = 1.0;
				PRODUCT_BUNDLE_IDENTIFIER = es.osdev.SwiftUIWithCommentsUITests;
				PRODUCT_NAME = "$(TARGET_NAME)";
				SWIFT_EMIT_LOC_STRINGS = NO;
				SWIFT_VERSION = 5.0;
				TARGETED_DEVICE_FAMILY = "1,2";
				TEST_TARGET_NAME = SwiftUIWithComments;
			};
			name = Release;
		};
/* End XCBuildConfiguration section */

/* Begin XCConfigurationList section */
		BA4E29BA2AB247A6008F92D2 /* Build configuration list for PBXProject "SwiftUIWithComments" */ = {
			isa = XCConfigurationList;
			buildConfigurations = (
				BA4E29E12AB247A7008F92D2 /* Debug */,
				BA4E29E22AB247A7008F92D2 /* Release */,
			);
			defaultConfigurationIsVisible = 0;
			defaultConfigurationName = Release;
		};
		BA4E29E32AB247A7008F92D2 /* Build configuration list for PBXNativeTarget "SwiftUIWithComments" */ = {
			isa = XCConfigurationList;
			buildConfigurations = (
				BA4E29E42AB247A7008F92D2 /* Debug */,
				BA4E29E52AB247A7008F92D2 /* Release */,
			);
			defaultConfigurationIsVisible = 0;
			defaultConfigurationName = Release;
		};
		BA4E29E62AB247A7008F92D2 /* Build configuration list for PBXNativeTarget "SwiftUIWithCommentsTests" */ = {
			isa = XCConfigurationList;
			buildConfigurations = (
				BA4E29E72AB247A7008F92D2 /* Debug */,
				BA4E29E82AB247A7008F92D2 /* Release */,
			);
			defaultConfigurationIsVisible = 0;
			defaultConfigurationName = Release;
		};
		BA4E29E92AB247A7008F92D2 /* Build configuration list for PBXNativeTarget "SwiftUIWithCommentsUITests" */ = {
			isa = XCConfigurationList;
			buildConfigurations = (
				BA4E29EA2AB247A7008F92D2 /* Debug */,
				BA4E29EB2AB247A7008F92D2 /* Release */,
			);
			defaultConfigurationIsVisible = 0;
			defaultConfigurationName = Release;
		};
/* End XCConfigurationList section */
	};
	rootObject = BA4E29B72AB247A6008F92D2 /* Project object */;
}
